
Microsoft Visual Studio Solution File, Format Version 12.00
# Visual Studio 15
VisualStudioVersion = 15.0.28307.705
MinimumVisualStudioVersion = 10.0.40219.1
Project("{FAE04EC0-301F-11D3-BF4B-00C04F79EFBC}") = "FactoryMethod", "FactoryMethod\FactoryMethod.csproj", "{D8FC7E45-EFAC-4B3A-A806-03F2D5528D3A}"
EndProject
Global
	GlobalSection(SolutionConfigurationPlatforms) = preSolution
		Debug|Any CPU = Debug|Any CPU
		Release|Any CPU = Release|Any CPU
	EndGlobalSection
	GlobalSection(ProjectConfigurationPlatforms) = postSolution
		{D8FC7E45-EFAC-4B3A-A806-03F2D5528D3A}.Debug|Any CPU.ActiveCfg = Debug|Any CPU
		{D8FC7E45-EFAC-4B3A-A806-03F2D5528D3A}.Debug|Any CPU.Build.0 = Debug|Any CPU
		{D8FC7E45-EFAC-4B3A-A806-03F2D5528D3A}.Release|Any CPU.ActiveCfg = Release|Any CPU
		{D8FC7E45-EFAC-4B3A-A806-03F2D5528D3A}.Release|Any CPU.Build.0 = Release|Any CPU
	EndGlobalSection
	GlobalSection(SolutionProperties) = preSolution
		HideSolutionNode = FALSE
	EndGlobalSection
	GlobalSection(ExtensibilityGlobals) = postSolution
		SolutionGuid = {7C7DE90D-7A2F-4D32-9618-4FBEB0C7C699}
	EndGlobalSection
EndGlobal
